
Microsoft Visual Studio Solution File, Format Version 12.00
# Visual Studio Version 16
VisualStudioVersion = 16.0.30611.23
MinimumVisualStudioVersion = 10.0.40219.1
Project("{FAE04EC0-301F-11D3-BF4B-00C04F79EFBC}") = "AuthLog", "AuthLog\AuthLog.csproj", "{AC518673-EB25-422F-9478-CC8787D6EBAA}"
EndProject
Global
	GlobalSection(SolutionConfigurationPlatforms) = preSolution
		Debug|Any CPU = Debug|Any CPU
		Release|Any CPU = Release|Any CPU
	EndGlobalSection
	GlobalSection(ProjectConfigurationPlatforms) = postSolution
		{AC518673-EB25-422F-9478-CC8787D6EBAA}.Debug|Any CPU.ActiveCfg = Debug|Any CPU
		{AC518673-EB25-422F-9478-CC8787D6EBAA}.Debug|Any CPU.Build.0 = Debug|Any CPU
		{AC518673-EB25-422F-9478-CC8787D6EBAA}.Release|Any CPU.ActiveCfg = Release|Any CPU
		{AC518673-EB25-422F-9478-CC8787D6EBAA}.Release|Any CPU.Build.0 = Release|Any CPU
	EndGlobalSection
	GlobalSection(SolutionProperties) = preSolution
		HideSolutionNode = FALSE
	EndGlobalSection
	GlobalSection(ExtensibilityGlobals) = postSolution
		SolutionGuid = {0B1F7029-D50B-4923-986B-E77B315E97BE}
	EndGlobalSection
EndGlobal
